# This file is generated by running "yarn install" inside your project.
# Manual changes might be lost - proceed with caution!

__metadata:
  version: 4
  cacheKey: 7

"abbrev@npm:1":
  version: 1.1.1
  resolution: "abbrev@npm:1.1.1"
  checksum: 9f9236a3cc7f56c167be3aa81c77fcab2e08dfb8047b7861b91440f20b299b9442255856bdbe9d408d7e96a0b64a36e1c27384251126962490b4eee841b533e0
  languageName: node
  linkType: hard

"adm-zip@npm:^0.5.1":
  version: 0.5.5
  resolution: "adm-zip@npm:0.5.5"
  checksum: ad9514161538bcf29137c55326fb71494977eba4642d1c87cd92929fff97683f106917561c3b6aba3cb7b1919586cfb5008f4cf381fcb4af0ed7c6f02a4ef295
  languageName: node
  linkType: hard

"ansi-styles@npm:^4.1.0":
  version: 4.3.0
  resolution: "ansi-styles@npm:4.3.0"
  dependencies:
    color-convert: ^2.0.1
  checksum: ea02c0179f3dd089a161f5fdd7ccd89dd84f31d82b68869f1134bf5c5b9e1313dadd2ff9edb02b44f46243f285ef5b785f6cb61c84a293694221417c42934407
  languageName: node
  linkType: hard

"archiver-utils@npm:^2.1.0":
  version: 2.1.0
  resolution: "archiver-utils@npm:2.1.0"
  dependencies:
    glob: ^7.1.4
    graceful-fs: ^4.2.0
    lazystream: ^1.0.0
    lodash.defaults: ^4.2.0
    lodash.difference: ^4.5.0
    lodash.flatten: ^4.4.0
    lodash.isplainobject: ^4.0.6
    lodash.union: ^4.6.0
    normalize-path: ^3.0.0
    readable-stream: ^2.0.0
  checksum: a4b54783cb3bf4d4810661a992ae2a1901032d05b11eaa4d0f75aae2f6c5fa7bd2269283bb830f467e15863354120e35e1c9a1e14b92fd460faee4fb2c3f4d0f
  languageName: node
  linkType: hard

"archiver@npm:^5.1.0":
  version: 5.3.0
  resolution: "archiver@npm:5.3.0"
  dependencies:
    archiver-utils: ^2.1.0
    async: ^3.2.0
    buffer-crc32: ^0.2.1
    readable-stream: ^3.6.0
    readdir-glob: ^1.0.0
    tar-stream: ^2.2.0
    zip-stream: ^4.1.0
  checksum: f5968876eef0591a59351ea1f1162c402945e60067be4d0a18a4a2ce418956313866be1f0ae9d9b1802effd0221cd84944e6fa09ae8380532b7077b03e8ccebb
  languageName: node
  linkType: hard

"argparse@npm:^1.0.7":
  version: 1.0.10
  resolution: "argparse@npm:1.0.10"
  dependencies:
    sprintf-js: ~1.0.2
  checksum: 435adaef5f6671c3ef1478a22be6fd54bdb99fdbbce8f5561b9cbbb05068ccce87b7df3b9f3322ff52a6ebb9cab2b427cbedac47a07611690a9beaa5184093e2
  languageName: node
  linkType: hard

"array-each@npm:^1.0.1":
  version: 1.0.1
  resolution: "array-each@npm:1.0.1"
  checksum: 59a456f95151c1c4bdf02550ef455cd86cf1fff44f0ce3e5559caa9550a7663dd147f9bda58bff85756a5454da4e136282396391aedec1f19793f143910c6272
  languageName: node
  linkType: hard

"array-slice@npm:^1.0.0":
  version: 1.1.0
  resolution: "array-slice@npm:1.1.0"
  checksum: f7d100cf61835a776b0772df247d2b6a663c959eb35fa00e09e4d94acc0004b51bf1e6564600b74295acb0e37a3304498154f2fa8e35601a7033ea75d6671062
  languageName: node
  linkType: hard

"async@npm:^3.2.0, async@npm:~3.2.0":
  version: 3.2.0
  resolution: "async@npm:3.2.0"
  checksum: 5c7913c08496877a9896dc6670d3a6c64f02d350e74b9e9191194959c473414a0732539ebdfec0fd2f34c20f439714773a30c20e0e68eb27bd8ee5ec9d8ff5ba
  languageName: node
  linkType: hard

"balanced-match@npm:^1.0.0":
  version: 1.0.2
  resolution: "balanced-match@npm:1.0.2"
  checksum: 690643f3009a04289ac401079de5a780aae452f7625fb2884051cc847b231e6521ee15dd6430b066d3cf4bd8bb00bb7ff55b7d134f34b8f0b8c043806796f94e
  languageName: node
  linkType: hard

"base64-js@npm:^1.3.1":
  version: 1.5.1
  resolution: "base64-js@npm:1.5.1"
  checksum: c1b41a26ddc6620eb7f1ee6c29c812f5942a4e328e74263f995872cfb8ca3aee08542beb25cd10fd7ef16e4f16603e25c35a26e776c01fd55277e5035e829e0e
  languageName: node
  linkType: hard

"bl@npm:^4.0.3":
  version: 4.1.0
  resolution: "bl@npm:4.1.0"
  dependencies:
    buffer: ^5.5.0
    inherits: ^2.0.4
    readable-stream: ^3.4.0
  checksum: 15d009339c2eeaedb9dab39c48f910a2fd6a9ba11400e61990917ebf3b25fa32cd9b80c7531a95467078258f6a59bd3f5d93323565423a7843855a16a1794261
  languageName: node
  linkType: hard

"brace-expansion@npm:^1.1.7":
  version: 1.1.11
  resolution: "brace-expansion@npm:1.1.11"
  dependencies:
    balanced-match: ^1.0.0
    concat-map: 0.0.1
  checksum: 4c878e25e4858baf801945dfd63eb68feab2e502cf1122f25f3915c0e3bf397af3a93ff6bef0798db41c0d81ef28c08e55daac38058710f749a3b96eee6b8f40
  languageName: node
  linkType: hard

"braces@npm:^3.0.1":
  version: 3.0.2
  resolution: "braces@npm:3.0.2"
  dependencies:
    fill-range: ^7.0.1
  checksum: f3493181c3e91a1333d3c9afc9b3263a3f62f4ced0b033c372efc1373b48a7699557f4e04026b232a8556e043ca5360a9d3008c33852350138d4b0ea57558b8d
  languageName: node
  linkType: hard

"buffer-crc32@npm:^0.2.1, buffer-crc32@npm:^0.2.13":
  version: 0.2.13
  resolution: "buffer-crc32@npm:0.2.13"
  checksum: 0340e848d6fd87e49ef6f1067f31b2a8d2e71b433e9bb62ff3d9bc2499146f0be586b5b80b0d099c7110a226161b21cb6cd80162dd5a51d9ebdb03da58b99637
  languageName: node
  linkType: hard

"buffer@npm:^5.5.0":
  version: 5.7.1
  resolution: "buffer@npm:5.7.1"
  dependencies:
    base64-js: ^1.3.1
    ieee754: ^1.1.13
  checksum: 1750ac396eb36e0157ff5299509723ac0681338ef6cd40b039bc86d59c8b9a9494e99db992836eb6d637de0b270b53ec1a62d4a1c9faeaa51468cc340e553984
  languageName: node
  linkType: hard

"chalk@npm:^4.1.0, chalk@npm:~4.1.0":
  version: 4.1.1
  resolution: "chalk@npm:4.1.1"
  dependencies:
    ansi-styles: ^4.1.0
    supports-color: ^7.1.0
  checksum: 445c12db7aeed0046500a1e4184d31209a77d165654c885a789c41c8598a6a95bd2392180987cac572c967b93a2a730dda778bb7f87fa06ca63fd8592f8cc59f
  languageName: node
  linkType: hard

"color-convert@npm:^2.0.1":
  version: 2.0.1
  resolution: "color-convert@npm:2.0.1"
  dependencies:
    color-name: ~1.1.4
  checksum: 3d5d8a011a43012ca11b6d739049ecf2055d95582fd16ec44bf1e685eb0baa5cc652002be8a1dc92b429c8d87418287d0528266a7595cb1ad8a7f4f1d3049df2
  languageName: node
  linkType: hard

"color-name@npm:~1.1.4":
  version: 1.1.4
  resolution: "color-name@npm:1.1.4"
  checksum: 3e1c9a4dee12eada307436f61614dd11fe300469db2b83f80c8b7a7cd8a1015f0f18dd13403f018927b249003777ff60baba4a03c65f12e6bddc0dfd9642021f
  languageName: node
  linkType: hard

"colors@npm:~1.1.2":
  version: 1.1.2
  resolution: "colors@npm:1.1.2"
  checksum: 4596bf253941069d70c39360c186cf81728ea8d671557aacf36c2c32b23ed0e1acd8537c351eb8626621b164596e869d572415cf0da6dc7df5017b6cb1e933c9
  languageName: node
  linkType: hard

"compress-commons@npm:^4.1.0":
  version: 4.1.1
  resolution: "compress-commons@npm:4.1.1"
  dependencies:
    buffer-crc32: ^0.2.13
    crc32-stream: ^4.0.2
    normalize-path: ^3.0.0
    readable-stream: ^3.6.0
  checksum: 4d9280da3727213e89163cf677087b5b6f6911c86db43ee44b24897db2844b2f629e372f836077f78f37030ea4e45135eb2d70d499d58b9dbea5c85af18ea07d
  languageName: node
  linkType: hard

"concat-map@npm:0.0.1":
  version: 0.0.1
  resolution: "concat-map@npm:0.0.1"
  checksum: 554e28d9ee5aa6e061795473ee092cb3d3a2cbdb76c35416e0bb6e03f136d7d07676da387b2ed0ec4106cedbb6534080d9abc48ecc4a92b76406cf2d0c3c0c4b
  languageName: node
  linkType: hard

"core-util-is@npm:~1.0.0":
  version: 1.0.2
  resolution: "core-util-is@npm:1.0.2"
  checksum: 089015ee3c462dfceba70faa1df83b42a7bb35db26dae6af283247b06fe3216c65fccd9f00eebcaf98300dc31e981d56aae9f90b624f8f6ff1153e235ff88b65
  languageName: node
  linkType: hard

"crc-32@npm:^1.2.0":
  version: 1.2.0
  resolution: "crc-32@npm:1.2.0"
  dependencies:
    exit-on-epipe: ~1.0.1
    printj: ~1.1.0
  bin:
    crc32: ./bin/crc32.njs
  checksum: 5a283cacfce357fec1f4fefce7c2293887b49acad3034c2a35928522e6c8a85504ed51f211681400faf390081b619dfa8e1878458517921cdcf736c48d0555d9
  languageName: node
  linkType: hard

"crc32-stream@npm:^4.0.2":
  version: 4.0.2
  resolution: "crc32-stream@npm:4.0.2"
  dependencies:
    crc-32: ^1.2.0
    readable-stream: ^3.4.0
  checksum: a92944dd68a5f16426143f3998c972cb5a73d74816e6fc50d29981a7697584ec6f832520bf616055fa2f5aca591beff73368813ab53031f45d8dbdab05bd0236
  languageName: node
  linkType: hard

"dateformat@npm:~3.0.3":
  version: 3.0.3
  resolution: "dateformat@npm:3.0.3"
  checksum: 8e6b36c4d3d057b6b43a2d9eceb1373aae6a63050153449e26c71b84ecefb1bafc54ff3f7f1e2b8bee3851a2425c1052aaa7c1ed3307b8ff062f38a816d40933
  languageName: node
  linkType: hard

"detect-file@npm:^1.0.0":
  version: 1.0.0
  resolution: "detect-file@npm:1.0.0"
  checksum: 69717e5618370f31d3b266240289442d7c50f933834bbcffad187e73a6efaf3adc4ed283d8120a9ad77cbdcef3375c48acb4cdbb2df477695ed78d86c0d08c9c
  languageName: node
  linkType: hard

"end-of-stream@npm:^1.4.1":
  version: 1.4.4
  resolution: "end-of-stream@npm:1.4.4"
  dependencies:
    once: ^1.4.0
  checksum: 7da60e458bdb5e16c006a45e85ef3bc1e3791db5ba275b0913258ccddc8899acb9252c4ddbcce87bd1b46e2a3f97315aafb9f0c0330e8aac44defb504a9d3ccd
  languageName: node
  linkType: hard

"esprima@npm:^4.0.0":
  version: 4.0.1
  resolution: "esprima@npm:4.0.1"
  bin:
    esparse: ./bin/esparse.js
    esvalidate: ./bin/esvalidate.js
  checksum: 5df45a3d9c95c36800d028ba76d8d4e04e199932b58c2939f462f859fd583e7d39b4a12d3f97986cf272a28a5fe5948ee6e49e36ef63f67b5b48d82a635c5081
  languageName: node
  linkType: hard

"eventemitter2@npm:~0.4.13":
  version: 0.4.14
  resolution: "eventemitter2@npm:0.4.14"
  checksum: 536769c9253954e40ca9ba4a571a42c3cea885929b262aa1daf821ca24ed8127841f53f5d6027fc17d3c26c1e3546b6743d5099842ea45505c39d06b0c5bef96
  languageName: node
  linkType: hard

"exit-on-epipe@npm:~1.0.1":
  version: 1.0.1
  resolution: "exit-on-epipe@npm:1.0.1"
  checksum: 24b604747458c0c9b719934d2af91bc78dc381e9296b8ee3887dd68e8f35500090b453335e9f0b392c0295562da1873c05dcbc77d29e6eea75a32bbef19adf53
  languageName: node
  linkType: hard

"exit@npm:~0.1.2":
  version: 0.1.2
  resolution: "exit@npm:0.1.2"
  checksum: 64022f65df300964bb588a503ecbc582a2d2d4db12f777b64495e840274ec17a71099e5cdc06dc970aba9795d8bbb9ccb6ba016844fdbd6b74541f4fdb25f201
  languageName: node
  linkType: hard

"expand-tilde@npm:^2.0.0, expand-tilde@npm:^2.0.2":
  version: 2.0.2
  resolution: "expand-tilde@npm:2.0.2"
  dependencies:
    homedir-polyfill: ^1.0.1
  checksum: 502e8b04a22094575c68639e68e0a2c19ad23d78441e440e5164ad2f38bef05e4b2c2568acfcf4af37b90bbf49ea587c253753ba6d351229e5858b96cb136125
  languageName: node
  linkType: hard

"extend@npm:^3.0.2":
  version: 3.0.2
  resolution: "extend@npm:3.0.2"
  checksum: 1406da1f0c4b00b839497e4cdd0ec4303ce2ae349144b7c28064a5073c93ce8c08da4e8fb1bc5cb459ffcdff30a35fc0fe54344eb88320e70100c1baea6f195c
  languageName: node
  linkType: hard

"fill-range@npm:^7.0.1":
  version: 7.0.1
  resolution: "fill-range@npm:7.0.1"
  dependencies:
    to-regex-range: ^5.0.1
  checksum: efca43d59b487ad4bc0b2b1cb9e51617c75a7b0159db51fa190c75c3d634ea5fad1ff4750d7c14346add4cd065e3c46e8f99af333edf2b4ec2a424f87e491a85
  languageName: node
  linkType: hard

"findup-sync@npm:^4.0.0":
  version: 4.0.0
  resolution: "findup-sync@npm:4.0.0"
  dependencies:
    detect-file: ^1.0.0
    is-glob: ^4.0.0
    micromatch: ^4.0.2
    resolve-dir: ^1.0.1
  checksum: 77cae4d79cd46b00c3fe8dc8b4e06472e75351096a70de0ebd57f11b7efdb69e3bfe3097f54e7f219e385dd5e84e4f11029fbe6b003f0bf2140ebb6695ed13ea
  languageName: node
  linkType: hard

"findup-sync@npm:~0.3.0":
  version: 0.3.0
  resolution: "findup-sync@npm:0.3.0"
  dependencies:
    glob: ~5.0.0
  checksum: fda5dc3c4f9c8335bb8788101981fc3f5884aa386d5da363bca448fb4c5ae8900ad442e6c81991ba359dd9874f1af9ff6745d51d2426ea09c20b178f07e48c4c
  languageName: node
  linkType: hard

"fined@npm:^1.2.0":
  version: 1.2.0
  resolution: "fined@npm:1.2.0"
  dependencies:
    expand-tilde: ^2.0.2
    is-plain-object: ^2.0.3
    object.defaults: ^1.1.0
    object.pick: ^1.2.0
    parse-filepath: ^1.0.1
  checksum: 1454ca2db0729a16b612b3339b313407be226112a541f5d4a4fdbe102c3088b021a94cfef07a309a32e10e5680f1d4cd30b192102533a89ddb9f4b8a000a023b
  languageName: node
  linkType: hard

"flagged-respawn@npm:^1.0.1":
  version: 1.0.1
  resolution: "flagged-respawn@npm:1.0.1"
  checksum: a91d3ba48c0c17a0d8b99bf65172be8621a0637526e3425406c96deba91cd05a4a79a6b8029c2644f8448d31ad8ff0f8ef6dfc1d86c6f7a2600d79545417194d
  languageName: node
  linkType: hard

"for-in@npm:^1.0.1":
  version: 1.0.2
  resolution: "for-in@npm:1.0.2"
  checksum: e8d7280a654216e9951103e407d1655c2dfa67178ad468cb0b35701df6b594809ccdc66671b3478660d0e6c4bca9d038b1f1fc032716a184c19d67319550c554
  languageName: node
  linkType: hard

"for-own@npm:^1.0.0":
  version: 1.0.0
  resolution: "for-own@npm:1.0.0"
  dependencies:
    for-in: ^1.0.1
  checksum: 7d7a5a1496e39d1a339726c553da031b1d92a6bfa44b24061ffc31a16c1bb5b04f54f468c14d1ca359b310ce9bebaff55e8210d32318f273f1428136923cdb95
  languageName: node
  linkType: hard

"fs-constants@npm:^1.0.0":
  version: 1.0.0
  resolution: "fs-constants@npm:1.0.0"
  checksum: b8382395f555012591b20bddf08d258723f660b4e7312943d10431a893e2af879295fefc15a917df43c9ed52d80d2f014c0ca8ca359367969be5c8a133e39742
  languageName: node
  linkType: hard

"fs.realpath@npm:^1.0.0":
  version: 1.0.0
  resolution: "fs.realpath@npm:1.0.0"
  checksum: 698a91b1695e3926185c9e5b0dd57cf687dceb4eb73799af91e6b2ab741735e2962c366c5af6403ffddae2619914193bd339efa706fdc984d0ffc74b7a3603f4
  languageName: node
  linkType: hard

"function-bind@npm:^1.1.1":
  version: 1.1.1
  resolution: "function-bind@npm:1.1.1"
  checksum: ffad86e7d2010ba179aaa6a3987d2cc0ed48fa92d27f1ed84bfa06d14f77deeed5bfbae7f00bdebc0c54218392cab2b18ecc080e2c72f592431927b87a27d42b
  languageName: node
  linkType: hard

"getobject@npm:~1.0.0":
  version: 1.0.1
  resolution: "getobject@npm:1.0.1"
  checksum: 9b6029dede9f06943c69130f1d08588b3f2c701a2e2862f499428ede3d4c7e8d143c3206e1439e864c6d7737e46e0e0de0a56de8ed01d944e40dde88a510d44b
  languageName: node
  linkType: hard

"glob@npm:^7.1.3, glob@npm:^7.1.4, glob@npm:~7.1.6":
  version: 7.1.7
  resolution: "glob@npm:7.1.7"
  dependencies:
    fs.realpath: ^1.0.0
    inflight: ^1.0.4
    inherits: 2
    minimatch: ^3.0.4
    once: ^1.3.0
    path-is-absolute: ^1.0.0
  checksum: 352f74f08247db5420161a2f68f2bd84b53228b5fcfc9dcc37cd54d3f19ec0232495d84aeff1286d0727059e9fdc1031400e00b971bdc59e30f8f82b199c9d02
  languageName: node
  linkType: hard

"glob@npm:~5.0.0":
  version: 5.0.15
  resolution: "glob@npm:5.0.15"
  dependencies:
    inflight: ^1.0.4
    inherits: 2
    minimatch: 2 || 3
    once: ^1.3.0
    path-is-absolute: ^1.0.0
  checksum: 379322b9e12adf4efc05ac03a64181a587ea81f26be69b2255cfc9fd0519090ca9ea666585dcc8494b4c215f724e8c988f82f9c342a14048a62f4b5a209d5865
  languageName: node
  linkType: hard

"global-modules@npm:^1.0.0":
  version: 1.0.0
  resolution: "global-modules@npm:1.0.0"
  dependencies:
    global-prefix: ^1.0.1
    is-windows: ^1.0.1
    resolve-dir: ^1.0.0
  checksum: 89fb699eee43823ce94e2dbcb5f7607e1de4f3e37b897a65b59720fa7284424b5f94b67f449a5f259e7a96e2bf851a1582ec31deb7f89b5336c9318ed95fcfe8
  languageName: node
  linkType: hard

"global-prefix@npm:^1.0.1":
  version: 1.0.2
  resolution: "global-prefix@npm:1.0.2"
  dependencies:
    expand-tilde: ^2.0.2
    homedir-polyfill: ^1.0.1
    ini: ^1.3.4
    is-windows: ^1.0.1
    which: ^1.2.14
  checksum: 2353fc9bf5c3b688164356c08843b3f9cae6300836071d1250c06c70a0aa13ed643c5711399ec4a2027899977f1423f4d24e81e01a1da4c5239c4e195d80b024
  languageName: node
  linkType: hard

"graceful-fs@npm:^4.2.0":
  version: 4.2.6
  resolution: "graceful-fs@npm:4.2.6"
  checksum: 84d39c7756892553da990a9db7e45f844b3309b37b5a00174cbb4748476f2250c54f24594d4d252f64f085c65c2fdac7c809419bf6d55f0e6e42eb07ac0f5bf2
  languageName: node
  linkType: hard

"grunt-cli@npm:^1.4.3, grunt-cli@npm:~1.4.2":
  version: 1.4.3
  resolution: "grunt-cli@npm:1.4.3"
  dependencies:
    grunt-known-options: ~2.0.0
    interpret: ~1.1.0
    liftup: ~3.0.1
    nopt: ~4.0.1
    v8flags: ~3.2.0
  bin:
    grunt: bin/grunt
  checksum: 89792c5dfd318e08fa1e36e465d4533cd329014f62cdc775fd12c20c7e775a0412cca15c132dddcf04cf2d44f905df720031a507173f3726eae96d5c769f7184
  languageName: node
  linkType: hard

"grunt-contrib-compress@npm:^2.0.0":
  version: 2.0.0
  resolution: "grunt-contrib-compress@npm:2.0.0"
  dependencies:
    adm-zip: ^0.5.1
    archiver: ^5.1.0
    chalk: ^4.1.0
    lodash: ^4.17.20
    pretty-bytes: ^5.4.1
    stream-buffers: ^3.0.2
  checksum: 9d39a828dd9611666f87b8cf17e9773b6b11576cd02d142810a359946fba0582358b88eacfd63769894ee7e677c77ed27588f84498eb2b0e24fb11af1c7e72f9
  languageName: node
  linkType: hard

"grunt-known-options@npm:~2.0.0":
  version: 2.0.0
  resolution: "grunt-known-options@npm:2.0.0"
  checksum: b470f8061ece9dc4a7467d7926aa86eea73086ac0f7b7265775d6bcada0bee8610034a0192ca998a5e66980bf52ea690242b3c29a709b6068c6225b61364b222
  languageName: node
  linkType: hard

"grunt-legacy-log-utils@npm:~2.1.0":
  version: 2.1.0
  resolution: "grunt-legacy-log-utils@npm:2.1.0"
  dependencies:
    chalk: ~4.1.0
    lodash: ~4.17.19
  checksum: 13f52a06f9402a6a8bb55d71f215563b3e6bcb8576b50160f639ce5eafc2ae29f4c078d90d87d1865ec7afd2f5ce2db82a51b728c0141f31cc3d96050fadd16c
  languageName: node
  linkType: hard

"grunt-legacy-log@npm:~3.0.0":
  version: 3.0.0
  resolution: "grunt-legacy-log@npm:3.0.0"
  dependencies:
    colors: ~1.1.2
    grunt-legacy-log-utils: ~2.1.0
    hooker: ~0.2.3
    lodash: ~4.17.19
  checksum: d5c212a034983355799ff9ba74055d11280729a97aaed311d9569f9720561e8dda36883a11681f359c99eb677125fd5780e02e61c8c58740b4c3e730ead26f5c
  languageName: node
  linkType: hard

"grunt-legacy-util@npm:~2.0.1":
  version: 2.0.1
  resolution: "grunt-legacy-util@npm:2.0.1"
  dependencies:
    async: ~3.2.0
    exit: ~0.1.2
    getobject: ~1.0.0
    hooker: ~0.2.3
    lodash: ~4.17.21
    underscore.string: ~3.3.5
    which: ~2.0.2
  checksum: 5aa87ba220adb7580e6559ac45c895ce167ce25f9ba0b2076532094bbaa92a78f75e0a90b94562d9179d78e98a47aeb8fdac09af7f427d9c193eccc26238090a
  languageName: node
  linkType: hard

"grunt@npm:^1.4.1":
  version: 1.4.1
  resolution: "grunt@npm:1.4.1"
  dependencies:
    dateformat: ~3.0.3
    eventemitter2: ~0.4.13
    exit: ~0.1.2
    findup-sync: ~0.3.0
    glob: ~7.1.6
    grunt-cli: ~1.4.2
    grunt-known-options: ~2.0.0
    grunt-legacy-log: ~3.0.0
    grunt-legacy-util: ~2.0.1
    iconv-lite: ~0.4.13
    js-yaml: ~3.14.0
    minimatch: ~3.0.4
    mkdirp: ~1.0.4
    nopt: ~3.0.6
    rimraf: ~3.0.2
  bin:
    grunt: bin/grunt
  checksum: 2c35479fa9ecce819968dbef95451f1c53b83423d737c778edfad827a55cb023dabdc74f93a276a750933d5adc07704f814549e1a75ab3c345dcde58a57125f5
  languageName: node
  linkType: hard

"has-flag@npm:^4.0.0":
  version: 4.0.0
  resolution: "has-flag@npm:4.0.0"
  checksum: 2e5391139d3d287231ccb58659702392f6e3abeac3296fb4721afaff46493f3d9b99a9329ae015dfe973aa206ed5c75f43e86aec0267dce79aa5c2b6e811b3ad
  languageName: node
  linkType: hard

"has@npm:^1.0.3":
  version: 1.0.3
  resolution: "has@npm:1.0.3"
  dependencies:
    function-bind: ^1.1.1
  checksum: c686e15300d41364486c099a9259d9c418022c294244843dcd712c4c286ff839d4f23a25413baa28c4d2c1e828afc2aaab70f685400b391533980223c71fa1ca
  languageName: node
  linkType: hard

"homedir-polyfill@npm:^1.0.1":
  version: 1.0.3
  resolution: "homedir-polyfill@npm:1.0.3"
  dependencies:
    parse-passwd: ^1.0.0
  checksum: 86a4e544cac858c31bb776d65a6aebbd84efddd98a5b4ebc65846d86b6161083b52fee059b8f809e9593537d10c9aabb381906305a0ee4a52f2625d0339b015f
  languageName: node
  linkType: hard

"hooker@npm:~0.2.3":
  version: 0.2.3
  resolution: "hooker@npm:0.2.3"
  checksum: 9315a981d529162fcd3ee7966b25d083e6c18a8fa0ad07e00a9f52c1a11a2c1c0fc4c7a7d80a1b9d8e1eea1fa2ea6da1738eddfc02e94ecd4359eb4210033c13
  languageName: node
  linkType: hard

"iconv-lite@npm:~0.4.13":
  version: 0.4.24
  resolution: "iconv-lite@npm:0.4.24"
  dependencies:
    safer-buffer: ">= 2.1.2 < 3"
  checksum: a9b9521066ee81853a8561e92bd7240bc5d3b7d5ef7da807a475e7858b0246e318b6af518c30a20a8749ef5eafeaa9631079446e4e696c7b60f468b34dc2cbfc
  languageName: node
  linkType: hard

"ieee754@npm:^1.1.13":
  version: 1.2.1
  resolution: "ieee754@npm:1.2.1"
  checksum: 6c1cfab995ecab3b0dbb6cfb7e192686eb02f0f8e788f2d962e1fc02e2d5ab38a85e06d417221f136bd029663a77cdb920d99605d68d3730a05597dd7910426a
  languageName: node
  linkType: hard

"inflight@npm:^1.0.4":
  version: 1.0.6
  resolution: "inflight@npm:1.0.6"
  dependencies:
    once: ^1.3.0
    wrappy: 1
  checksum: 17c53fc42cbe7f7f471d2bc41b97a0cde4b79a74d5ff59997d3f75210566fa278e17596da526d43de2bd07e222706240ce50e60097e54f2cde2e64cbbb372638
  languageName: node
  linkType: hard

"inherits@npm:2, inherits@npm:^2.0.3, inherits@npm:^2.0.4, inherits@npm:~2.0.3":
  version: 2.0.4
  resolution: "inherits@npm:2.0.4"
  checksum: 98426da247ddfc3dcd7d7daedd90c3ca32d5b08deca08949726f12d49232aef94772a07b36cf4ff833e105ae2ef931777f6de4a6dd8245a216b9299ad4a50bea
  languageName: node
  linkType: hard

"ini@npm:^1.3.4":
  version: 1.3.8
  resolution: "ini@npm:1.3.8"
  checksum: 62189ce7ea44c5778e757e4232c581212e838f3c39e79d931bb9152fd4b9275f09fb20b96afdd60ba9f5d7996b92486cad6cc617fcb84ff4beedd1b33b86221e
  languageName: node
  linkType: hard

"interpret@npm:~1.1.0":
  version: 1.1.0
  resolution: "interpret@npm:1.1.0"
  checksum: f1cbb75ea4a4c73a274463a29e50e53cea02626a73f2d3b5839c64a0bf1776f96d3e0ca6cb2ef5274eeaa9bd0de1764217f27979997c3620dae2106f32f907f5
  languageName: node
  linkType: hard

"is-absolute@npm:^1.0.0":
  version: 1.0.0
  resolution: "is-absolute@npm:1.0.0"
  dependencies:
    is-relative: ^1.0.0
    is-windows: ^1.0.1
  checksum: 4b8ebda658ee6d820cc9ef77c7228f5048e4824cd0092415d41d94ae9d59d8cf27cb1a322958161059be1887d7d8bc85ef10e1444ed763731b45229b74bb7ad1
  languageName: node
  linkType: hard

"is-core-module@npm:^2.2.0":
  version: 2.4.0
  resolution: "is-core-module@npm:2.4.0"
  dependencies:
    has: ^1.0.3
  checksum: caa2b30873ed14dff76e5351e3c55a677b890cf19cc4263e9894702eb4bd64f81ce78552daad878ba72adcdc9e62cad45ca57928fc8b4bdc84a7ff8acf934389
  languageName: node
  linkType: hard

"is-extglob@npm:^2.1.1":
  version: 2.1.1
  resolution: "is-extglob@npm:2.1.1"
  checksum: ca623e2c56c893714a237aff645ec7caa8fea4d78868682af8d6803d7f0780323f8d566311e0dc6f942c886e81cbfa517597e48fcada7f3bf78a4d099eeecdd3
  languageName: node
  linkType: hard

"is-glob@npm:^4.0.0":
  version: 4.0.1
  resolution: "is-glob@npm:4.0.1"
  dependencies:
    is-extglob: ^2.1.1
  checksum: 98cd4f715f0fb81da34aa6c8be4a5ef02d8cfac3ebc885153012abc2a0410df5a572f9d0393134fcba9192c7a845da96142c5f74a3c02787efe178ed798615e6
  languageName: node
  linkType: hard

"is-number@npm:^7.0.0":
  version: 7.0.0
  resolution: "is-number@npm:7.0.0"
  checksum: eec6e506c6de472af4bdfd0cc477e8aeb76f0a7066c8680fcdfed5324ee31a7d2b59d22313007c58aa80eb937f0c40eefdceedb851997d46b490b49f87160369
  languageName: node
  linkType: hard

"is-plain-object@npm:^2.0.3, is-plain-object@npm:^2.0.4":
  version: 2.0.4
  resolution: "is-plain-object@npm:2.0.4"
  dependencies:
    isobject: ^3.0.1
  checksum: 2f3232267366f3cdf13d53deda1b282ba7959f28ccb2ee8e0ca168f859f0d7126c27c846ebb7c2b9821a09bbda2e1835fd4020337ba666cf3c03dc256aab7ba1
  languageName: node
  linkType: hard

"is-relative@npm:^1.0.0":
  version: 1.0.0
  resolution: "is-relative@npm:1.0.0"
  dependencies:
    is-unc-path: ^1.0.0
  checksum: a93a7b57d8fa2090757eb2193a58fcf318cd2963787d25cd756842b75c1d78a814105245deec16303a0df3e9263dbb587d55545ad684d6035b3534016a2bc4b3
  languageName: node
  linkType: hard

"is-unc-path@npm:^1.0.0":
  version: 1.0.0
  resolution: "is-unc-path@npm:1.0.0"
  dependencies:
    unc-path-regex: ^0.1.2
  checksum: ee43c89aa0dcf0292e50b0994cdb02d8c14bebea54d87f447915374982a66ffdf6e24780c7306c23a454a083c5b05a87dc84c9432bb17bbeddb1a4c6e52575c0
  languageName: node
  linkType: hard

"is-windows@npm:^1.0.1":
  version: 1.0.2
  resolution: "is-windows@npm:1.0.2"
  checksum: dd1ed8339a28c68fb52f05931c832488dafc90063e53b97a69ead219a5584d7f3e6e564731c2f983962ff5403afeb05365d88ce9af34c8dae76a14911020d73a
  languageName: node
  linkType: hard

"isarray@npm:~1.0.0":
  version: 1.0.0
  resolution: "isarray@npm:1.0.0"
  checksum: b0ff31a290e783f7b3fb73f2951ee7fc2946dc197b05f73577dc77f87dc3be2e0f66007bedf069123d4e5c4b691e7c89a241f6ca06f0c0f4765cdac5aa4b4047
  languageName: node
  linkType: hard

"isexe@npm:^2.0.0":
  version: 2.0.0
  resolution: "isexe@npm:2.0.0"
  checksum: 7b437980bb77881a146fba85cfbdf01edc2b148673e9c2722a1e49661fea73adf524430a80fdbfb8ce9f60d43224e682c657c45030482bd39e0c488fc29b4afe
  languageName: node
  linkType: hard

"isobject@npm:^3.0.0, isobject@npm:^3.0.1":
  version: 3.0.1
  resolution: "isobject@npm:3.0.1"
  checksum: b537a9ccdd8d40ec552fe7ff5db3731f1deb77581adf9beb8ae812f8d08acfa0e74b193159ac50fb01084d7ade06d114077f984e21b8340531241bf85be9a0ab
  languageName: node
  linkType: hard

"js-yaml@npm:~3.14.0":
  version: 3.14.1
  resolution: "js-yaml@npm:3.14.1"
  dependencies:
    argparse: ^1.0.7
    esprima: ^4.0.0
  bin:
    js-yaml: bin/js-yaml.js
  checksum: 46b61f889796a20d16b0b64580a01b6a02b2e45c1a2744906346da54d07e14cde764e887ab6d1512d8b2541c63711bd4b75859c28eb99605baf59fa173fc38c2
  languageName: node
  linkType: hard

"kind-of@npm:^6.0.2":
  version: 6.0.3
  resolution: "kind-of@npm:6.0.3"
  checksum: 5de5d6577796af87a983199d6350ed41c670abec4a306cc43ca887c1afdbd6b89af9ab00016e3ca17eb7ad89ebfd9bb817d33baa89f855c6c95398a8b8abbf08
  languageName: node
  linkType: hard

"lazystream@npm:^1.0.0":
  version: 1.0.0
  resolution: "lazystream@npm:1.0.0"
  dependencies:
    readable-stream: ^2.0.5
  checksum: c5f628687ddbc762965814d80d80faa44e0c2ece207eee5783cbc656dc230c46bd18002719ea41a5f15646754070f67be11f2b8c2c1f04084f2395a355d84cb8
  languageName: node
  linkType: hard

"liftup@npm:~3.0.1":
  version: 3.0.1
  resolution: "liftup@npm:3.0.1"
  dependencies:
    extend: ^3.0.2
    findup-sync: ^4.0.0
    fined: ^1.2.0
    flagged-respawn: ^1.0.1
    is-plain-object: ^2.0.4
    object.map: ^1.0.1
    rechoir: ^0.7.0
    resolve: ^1.19.0
  checksum: f04e9f29e25bc1e7de2417a53b7e82175410ba7155b43fb4ad962ca97a5b39795550f9bfd9186f5127feb2c51368c0172b22faf1e9560fab9846e3a4ccb51107
  languageName: node
  linkType: hard

"lodash.defaults@npm:^4.2.0":
  version: 4.2.0
  resolution: "lodash.defaults@npm:4.2.0"
  checksum: fde72e71f7b7ece10c24e43dd601574168467d50bc76687302d40de341d5cb8e35b100105d938458747d2ad5f20d8bb736e62523ef39d1a8b40f7307c50f10ac
  languageName: node
  linkType: hard

"lodash.difference@npm:^4.5.0":
  version: 4.5.0
  resolution: "lodash.difference@npm:4.5.0"
  checksum: 7a2c297cf5fb6cf6899825e620cb017694a1891b3b35e11aa7ddc503128222a84d851937c36584a9e690344ccaf84116f137d04fdd8949ee90918edd4637d3b6
  languageName: node
  linkType: hard

"lodash.flatten@npm:^4.4.0":
  version: 4.4.0
  resolution: "lodash.flatten@npm:4.4.0"
  checksum: f22a7f6f163256d87345b07c76122e03d03abbf943b6c3aa5e5fafb7d5bce765013aedfc2aae7e649af0907287a2cf85de24237dbdd3ecd485a77d56e070b54c
  languageName: node
  linkType: hard

"lodash.isplainobject@npm:^4.0.6":
  version: 4.0.6
  resolution: "lodash.isplainobject@npm:4.0.6"
  checksum: 72a114b610ec32a42b8cb47680d1729398caea0ee0631c0b220b97b21e7df19312377cb077acb6593bf6c5abdbdb43c530aa66b440e30d53324986d386808cd0
  languageName: node
  linkType: hard

"lodash.union@npm:^4.6.0":
  version: 4.6.0
  resolution: "lodash.union@npm:4.6.0"
  checksum: 058abf102eed753f13cb85dec138cff5d4d4db17af1ec24da868d20acf7e65e9e27a4b9fed274f881fa7ae55ffa497565c7d6ea1975d86697ffd09f731813462
  languageName: node
  linkType: hard

"lodash@npm:^4.17.20, lodash@npm:~4.17.19, lodash@npm:~4.17.21":
  version: 4.17.21
  resolution: "lodash@npm:4.17.21"
  checksum: 4983720b9abca930a4a46f18db163d7dad8dd00dbed6db0cc7b499b33b717cce69f80928b27bbb1ff2cbd3b19d251ee90669a8b5ea466072ca81c2ebe91e7468
  languageName: node
  linkType: hard

"make-iterator@npm:^1.0.0":
  version: 1.0.1
  resolution: "make-iterator@npm:1.0.1"
  dependencies:
    kind-of: ^6.0.2
  checksum: cfb73cba1dbebc7fb5584c53803491767909a1e3aa6e7b354329674f68d49d47da5af0830b7ec38b03ca62f3aa6efc5684ad10fae4dc4c1a9553eff9f790be6d
  languageName: node
  linkType: hard

"map-cache@npm:^0.2.0":
  version: 0.2.2
  resolution: "map-cache@npm:0.2.2"
  checksum: 3d205d20e0135a5b5f3e2b85e7bfa289cc2fc3c748fe802795e74c6fe157e5f2bed3b7c3a270b82fe36a02123880cb2e0dc525e1ae37ac7e673ce3e75a2e2c56
  languageName: node
  linkType: hard

"marcus_redcap_study_metadata_search@workspace:.":
  version: 0.0.0-use.local
  resolution: "marcus_redcap_study_metadata_search@workspace:."
  dependencies:
    grunt: ^1.4.1
    grunt-cli: ^1.4.3
    grunt-contrib-compress: ^2.0.0
  languageName: unknown
  linkType: soft

"micromatch@npm:^4.0.2":
  version: 4.0.4
  resolution: "micromatch@npm:4.0.4"
  dependencies:
    braces: ^3.0.1
    picomatch: ^2.2.3
  checksum: bc522ad93c086aa176f50fea2dc8060a8f7d7a621c811cf9ba02a1912577cc100190508166d721231465f10a575a40ec8a1bffc23bbc2c0108fcbf02e4be04ed
  languageName: node
  linkType: hard

"minimatch@npm:2 || 3, minimatch@npm:^3.0.4, minimatch@npm:~3.0.4":
  version: 3.0.4
  resolution: "minimatch@npm:3.0.4"
  dependencies:
    brace-expansion: ^1.1.7
  checksum: 47eab9263962cacd5733e274ecad2d8e54b0f8e124ba35ae69189e296058f634a4967b87a98954f86fa5c830ff177caf827ce0136d28717ed3232951fb4fae62
  languageName: node
  linkType: hard

"mkdirp@npm:~1.0.4":
  version: 1.0.4
  resolution: "mkdirp@npm:1.0.4"
  bin:
    mkdirp: bin/cmd.js
  checksum: 1aa3a6a2d7514f094a91329ec09994f5d32d2955a4985ecbb3d86f2aaeafc4aa11521f98d606144c1d49cd9835004d9a73342709b8c692c92e59eacf37412468
  languageName: node
  linkType: hard

"nopt@npm:~3.0.6":
  version: 3.0.6
  resolution: "nopt@npm:3.0.6"
  dependencies:
    abbrev: 1
  bin:
    nopt: ./bin/nopt.js
  checksum: cb2105d5286b96243d8b71964ccbce04aa8776d6479b8a3b567c2b5b3da86b35ff2b95c22e443337724d13acb60db9b107c64851424d9d60a088a461a976da29
  languageName: node
  linkType: hard

"nopt@npm:~4.0.1":
  version: 4.0.3
  resolution: "nopt@npm:4.0.3"
  dependencies:
    abbrev: 1
    osenv: ^0.1.4
  bin:
    nopt: bin/nopt.js
  checksum: bf7b8c15fd035bf1faa897ec83c3fe5a459beb51a09dfad9413429382139784c3f05e11847d2e5de7160a813c5c8c6cf74c34f22b483c08fdaf465586f293f49
  languageName: node
  linkType: hard

"normalize-path@npm:^3.0.0":
  version: 3.0.0
  resolution: "normalize-path@npm:3.0.0"
  checksum: 215a701b471948884193628f3e38910353abf445306b519c42c2a30144b8beb8ca0a684da97bfc2ee11eb168c35c776d484274da4bd8f213d2b22f70579380ee
  languageName: node
  linkType: hard

"object.defaults@npm:^1.1.0":
  version: 1.1.0
  resolution: "object.defaults@npm:1.1.0"
  dependencies:
    array-each: ^1.0.1
    array-slice: ^1.0.0
    for-own: ^1.0.0
    isobject: ^3.0.0
  checksum: 837678fe93d13de49d7cdfbe9fd62991512b6b4cbd0a1b75019d23d76bdb79502b7e0bc87cb66324363079b1fb75c618021f629319d5b48e50392c883fbb9890
  languageName: node
  linkType: hard

"object.map@npm:^1.0.1":
  version: 1.0.1
  resolution: "object.map@npm:1.0.1"
  dependencies:
    for-own: ^1.0.0
    make-iterator: ^1.0.0
  checksum: 1949d05b07ba0b677bf0d7844c5ee8d489c8e68c7bb03a37b477b6dedf4b87ddccd49cad86720fd8e0f2a3fd69f9fcb51d997b718f7794780a3670512d80522c
  languageName: node
  linkType: hard

"object.pick@npm:^1.2.0":
  version: 1.3.0
  resolution: "object.pick@npm:1.3.0"
  dependencies:
    isobject: ^3.0.1
  checksum: e22d555d3bb73c665a5baa1da7789d3a98f557d8712a9bbe34dc59d4adbce9d390245815296025de5260b18794de647401a6b2ae1ba0ab854a6710e2958291f6
  languageName: node
  linkType: hard

"once@npm:^1.3.0, once@npm:^1.4.0":
  version: 1.4.0
  resolution: "once@npm:1.4.0"
  dependencies:
    wrappy: 1
  checksum: 57afc246536cf6494437f982b26475f22bee860f8b77ce8eb1543f42a8bffe04b2c66ddfea9a16cb25ccb80943f8ee4fc639367ef97b7a6a4f2672eb573963f5
  languageName: node
  linkType: hard

"os-homedir@npm:^1.0.0":
  version: 1.0.2
  resolution: "os-homedir@npm:1.0.2"
  checksum: 725256246b2cec353250ec46442e3cfa7bc96ef92285d448a90f12f4bbd78c1bf087051b2cef0382da572e1a9ebc8aa24bd0940a3bdc633c3e3012eef1dc6848
  languageName: node
  linkType: hard

"os-tmpdir@npm:^1.0.0":
  version: 1.0.2
  resolution: "os-tmpdir@npm:1.0.2"
  checksum: ca158a3c2e48748adc7736cdbe4c593723f8ed8581d2aae2f2a30fdb9417d4ba14bed1cd487d47561898a7b1ece88bce69745e9ce0303e1dea9ea7d22d1f1082
  languageName: node
  linkType: hard

"osenv@npm:^0.1.4":
  version: 0.1.5
  resolution: "osenv@npm:0.1.5"
  dependencies:
    os-homedir: ^1.0.0
    os-tmpdir: ^1.0.0
  checksum: 1c7462808c5ff0c2816b11f2f46265a98c395586058f98d73a6deac82955744484b277baedceeb962c419f3b75d0831a77ce7cf38b9e4f20729943ba79d72b08
  languageName: node
  linkType: hard

"parse-filepath@npm:^1.0.1":
  version: 1.0.2
  resolution: "parse-filepath@npm:1.0.2"
  dependencies:
    is-absolute: ^1.0.0
    map-cache: ^0.2.0
    path-root: ^0.1.1
  checksum: e9843598f4c90fb9a08563141efc99570031fd037fbcd414a0b92239b059a709a7298d1a9c6861fb6f7d651f558f36dedf795ebb333b850481b558e65f93d72e
  languageName: node
  linkType: hard

"parse-passwd@npm:^1.0.0":
  version: 1.0.0
  resolution: "parse-passwd@npm:1.0.0"
  checksum: e196edc373f7cdeb07072c346aa22204f9bad6b4d4fde5186d83a770cc22c65388da1da941d6f147372986edab52732365ffe05a1d7f35cbc822a014622d8439
  languageName: node
  linkType: hard

"path-is-absolute@npm:^1.0.0":
  version: 1.0.1
  resolution: "path-is-absolute@npm:1.0.1"
  checksum: 907e1e3e6ac0aef6e65adffd75b3892191d76a5b94c5cf26b43667c4240531d11872ca6979c209b2e5e1609f7f579d02f64ba9936b48bb59d36cc529f0d965ed
  languageName: node
  linkType: hard

"path-parse@npm:^1.0.6":
  version: 1.0.7
  resolution: "path-parse@npm:1.0.7"
  checksum: 6de0bfa37b4f09af465ff3900fb4104ca9cb1e1fa5cbe869c40cedd10d5d625d04c284afc34967830eee780bf83fd69c017d72a23ffd35718ec861192ec91dd9
  languageName: node
  linkType: hard

"path-root-regex@npm:^0.1.0":
  version: 0.1.2
  resolution: "path-root-regex@npm:0.1.2"
  checksum: f301f42475743fd73ebc47019b0477f1006e427fd73f74a7b2dbca0e41c3cdab00d97d8fac45ba2f9f5f20741d4194e955a6326bac8d832f43fc765f474c9a7f
  languageName: node
  linkType: hard

"path-root@npm:^0.1.1":
  version: 0.1.1
  resolution: "path-root@npm:0.1.1"
  dependencies:
    path-root-regex: ^0.1.0
  checksum: ccf11d9c9bf9b895f422099021fcff2c5d300f3b032ef5df414fb993cd6968c0c5bab5bdd89e505266f0f156f66bc242a357636d1cbcd8a2cada71e56291269f
  languageName: node
  linkType: hard

"picomatch@npm:^2.2.3":
  version: 2.3.0
  resolution: "picomatch@npm:2.3.0"
  checksum: 80113a0fb70cfa62730d5aa3fd3d45b76bf3985f8494080ab2de1cc1fa3ba96d77990c7553a81401e16c51c0eb19c27cf5bc94f2196155090f26c8a167968001
  languageName: node
  linkType: hard

"pretty-bytes@npm:^5.4.1":
  version: 5.6.0
  resolution: "pretty-bytes@npm:5.6.0"
  checksum: 2a2db3daaee5c7271dbc68cc875118f4e2b6697e9e4e73b4ea5d5639f50cff2c1f1f7db4775119974eff86fdbd1fac2a5d9f16bc41d90626821a9f6a0e6e26cf
  languageName: node
  linkType: hard

"printj@npm:~1.1.0":
  version: 1.1.2
  resolution: "printj@npm:1.1.2"
  bin:
    printj: ./bin/printj.njs
  checksum: ee774aa5957a57474f078fca1e9a41a10aac35e9b1ce9b2e2ecdb832f58fd21b1601075441dca633f582c881cca6c60308bf8505e6ab06305181be241bd47241
  languageName: node
  linkType: hard

"process-nextick-args@npm:~2.0.0":
  version: 2.0.1
  resolution: "process-nextick-args@npm:2.0.1"
  checksum: ddeb0f07d0d5efa649c2c5e39d1afd0e3668df2b392d036c8a508b0034f7beffbc474b3c2f7fd3fed2dc4113cef8f1f7e00d05690df3c611b36f6c7efd7852d1
  languageName: node
  linkType: hard

"readable-stream@npm:^2.0.0, readable-stream@npm:^2.0.5":
  version: 2.3.7
  resolution: "readable-stream@npm:2.3.7"
  dependencies:
    core-util-is: ~1.0.0
    inherits: ~2.0.3
    isarray: ~1.0.0
    process-nextick-args: ~2.0.0
    safe-buffer: ~5.1.1
    string_decoder: ~1.1.1
    util-deprecate: ~1.0.1
  checksum: 6e3826560627a751feb3a8aec073ef94c6e47b8c8e06eb5d136323b5f09db9d2077c23a42a8d54ed0123695af54b36c1e4271a8ec55112b15f4b89020d8dec72
  languageName: node
  linkType: hard

"readable-stream@npm:^3.1.1, readable-stream@npm:^3.4.0, readable-stream@npm:^3.6.0":
  version: 3.6.0
  resolution: "readable-stream@npm:3.6.0"
  dependencies:
    inherits: ^2.0.3
    string_decoder: ^1.1.1
    util-deprecate: ^1.0.1
  checksum: f178b1daa80d9e58ebba71dbb08486430aa6f0dea3a22a1b7401f3f6983077d0bc0edea43099db06b8d006c9ad48d6383e8fb72c05d5b187670aeaf1b9b44f00
  languageName: node
  linkType: hard

"readdir-glob@npm:^1.0.0":
  version: 1.1.1
  resolution: "readdir-glob@npm:1.1.1"
  dependencies:
    minimatch: ^3.0.4
  checksum: 39d729288d36eee8abf80e7473b8b22d0f5f8c686b69be0b671bb8c670205de7c4f3f466ef1c253d5976c0f71b209446f2d180d11d889e23367cd61a811f3d5d
  languageName: node
  linkType: hard

"rechoir@npm:^0.7.0":
  version: 0.7.0
  resolution: "rechoir@npm:0.7.0"
  dependencies:
    resolve: ^1.9.0
  checksum: 1d4cc8db1d4ff51d4c156db7ff6fe0a376e7527b61afafd148f1cfa2c19a6c454f3f77f1cb175e1f1f1476a83dbeba3632de088441dbaa404091a30d39c8749f
  languageName: node
  linkType: hard

"resolve-dir@npm:^1.0.0, resolve-dir@npm:^1.0.1":
  version: 1.0.1
  resolution: "resolve-dir@npm:1.0.1"
  dependencies:
    expand-tilde: ^2.0.0
    global-modules: ^1.0.0
  checksum: b07a0070083d04f6c3b50fe7b986514978eba5ab957b49cf2637b2e8ce69d81e063523d60360145a7e8b03ea878c68fb491da86fb18601458eaef640ae40fdf5
  languageName: node
  linkType: hard

"resolve@^1.19.0, resolve@^1.9.0":
  version: 1.20.0
  resolution: "resolve@npm:1.20.0"
  dependencies:
    is-core-module: ^2.2.0
    path-parse: ^1.0.6
  checksum: 0f5206d454b30e74d9b2d575b5f8aedf443c4d8b90b84cdf79474ade29bb459075220da3127b682896872a16022ed65cc4db09e0f23849654144d3d75c65cd1b
  languageName: node
  linkType: hard

"resolve@patch:resolve@^1.19.0#builtin<compat/resolve>, resolve@patch:resolve@^1.9.0#builtin<compat/resolve>":
  version: 1.20.0
  resolution: "resolve@patch:resolve@npm%3A1.20.0#builtin<compat/resolve>::version=1.20.0&hash=3388aa"
  dependencies:
    is-core-module: ^2.2.0
    path-parse: ^1.0.6
  checksum: c4a515b76026806b5b26513fc7bdb80458c532bc91c02ef45ac928d1025585f93bec0b904be39c02131118a37ff7e3f9258f1526850b025d2ec0948bb5fd03d0
  languageName: node
  linkType: hard

"rimraf@npm:~3.0.2":
  version: 3.0.2
  resolution: "rimraf@npm:3.0.2"
  dependencies:
    glob: ^7.1.3
  bin:
    rimraf: bin.js
  checksum: f0de3e445581e64a8a077af476cc30708e659f5779ec2ca2a161556d0792aa318a685923798ae22055b4ecd02b9aff444ef619578f7af53cf8e0e248031e3dee
  languageName: node
  linkType: hard

"safe-buffer@npm:~5.1.0, safe-buffer@npm:~5.1.1":
  version: 5.1.2
  resolution: "safe-buffer@npm:5.1.2"
  checksum: 2708587c1b5e70a5e420714ceb59f30f5791c6e831d39812125a008eca63a4ac18578abd020a0776ea497ff03b4543f2b2a223a7b9073bf2d6c7af9ec6829218
  languageName: node
  linkType: hard

"safe-buffer@npm:~5.2.0":
  version: 5.2.1
  resolution: "safe-buffer@npm:5.2.1"
  checksum: 0bb57f0d8f9d1fa4fe35ad8a2db1f83a027d48f2822d59ede88fd5cd4ddad83c0b497213feb7a70fbf90597a70c5217f735b0eb1850df40ce9b4ae81dd22b3f9
  languageName: node
  linkType: hard

"safer-buffer@npm:>= 2.1.2 < 3":
  version: 2.1.2
  resolution: "safer-buffer@npm:2.1.2"
  checksum: 549ba83f5b314b59898efe3422120ce1ca7987a6eae5925a5fa5db930dc414d4a9dde0a5594f89638cd6ea60b6840ea961872908933ac2428d1726489db46fa5
  languageName: node
  linkType: hard

"sprintf-js@npm:^1.0.3":
  version: 1.1.2
  resolution: "sprintf-js@npm:1.1.2"
  checksum: 50d2008328a3cafac658a40de7fb7d3d899b8e12906b3784113a97199618531bc4237ef2779cc5a9cd6df06b58036fedf4578648a5bbfd01825ecb56546e3982
  languageName: node
  linkType: hard

"sprintf-js@npm:~1.0.2":
  version: 1.0.3
  resolution: "sprintf-js@npm:1.0.3"
  checksum: 51df1bce9e577287f56822d79ac5bd94f6c634fccf193895f2a1d2db2e975b6aa7bc97afae9cf11d49b7c37fe4afc188ff5c4878be91f2c86eabd11c5df8b62c
  languageName: node
  linkType: hard

"stream-buffers@npm:^3.0.2":
  version: 3.0.2
  resolution: "stream-buffers@npm:3.0.2"
  checksum: 340a04fc135ac618a3b8c4069b444bf71dd55ac18c6ec1370acd62bad4c0c9f84935b7b10f4b4fac358669855d26dccedc96bc26590cae35be2d68c1620973b0
  languageName: node
  linkType: hard

"string_decoder@npm:^1.1.1":
  version: 1.3.0
  resolution: "string_decoder@npm:1.3.0"
  dependencies:
    safe-buffer: ~5.2.0
  checksum: 0a09afb610cb538707fcf0a50a080f159040529eabdba82f23b04f1d1f90adf9ba18cc3800231c6ab2ee55dece047f4bed87c56da52b2afd85c3c7fb73eb7e48
  languageName: node
  linkType: hard

"string_decoder@npm:~1.1.1":
  version: 1.1.1
  resolution: "string_decoder@npm:1.1.1"
  dependencies:
    safe-buffer: ~5.1.0
  checksum: bc2dc169d83df1b9e94defe7716bcad8a19ffe8211b029581cb0c6f9e83a6a7ba9ec3be38d179708a8643c692868a2b8b004ab159555dc26089ad3fa7b2158f5
  languageName: node
  linkType: hard

"supports-color@npm:^7.1.0":
  version: 7.2.0
  resolution: "supports-color@npm:7.2.0"
  dependencies:
    has-flag: ^4.0.0
  checksum: 8e57067c39216f3c2ffce7cc14ca934d54746192571203aa9c9922d97d2d55cc1bdaa9e41a11f91e620670b5a74ebdec6b548a885d8cc2dea7cab59e21416029
  languageName: node
  linkType: hard

"tar-stream@npm:^2.2.0":
  version: 2.2.0
  resolution: "tar-stream@npm:2.2.0"
  dependencies:
    bl: ^4.0.3
    end-of-stream: ^1.4.1
    fs-constants: ^1.0.0
    inherits: ^2.0.3
    readable-stream: ^3.1.1
  checksum: 7eec0a7fc8d0337729c1c2356d567a7527141d6ba0dd4804db979e17fc6389163e70fd4abdb855fc5ab54b944aeff7988e35e95ab6cee34a4156ca2d42980576
  languageName: node
  linkType: hard

"to-regex-range@npm:^5.0.1":
  version: 5.0.1
  resolution: "to-regex-range@npm:5.0.1"
  dependencies:
    is-number: ^7.0.0
  checksum: 2b6001e314e4998a07137c197e333fac2f86d46d0593da90b678ae64e2daa07274b508f83cca09e6b3504cdf222497dcb5b7daceb6dc13a9a8872f58a27db907
  languageName: node
  linkType: hard

"unc-path-regex@npm:^0.1.2":
  version: 0.1.2
  resolution: "unc-path-regex@npm:0.1.2"
  checksum: 585e29357917a8b529e05db14a3f2e9486258a5826ca9c0eb4f9173c006968ceffba201766d2ff08d38a1e014b69c519294981b29e669a81ea357c0ffd6e326b
  languageName: node
  linkType: hard

"underscore.string@npm:~3.3.5":
  version: 3.3.5
  resolution: "underscore.string@npm:3.3.5"
  dependencies:
    sprintf-js: ^1.0.3
    util-deprecate: ^1.0.2
  checksum: a94f79d8a1c124da90a3d4812f7e8d35446b6b5dd85e8a51a015f7f05e67c77cc10d6f58f2f2aa83fe58ce1d1b708b8cd741191ed32b5dfa9e40a1e5beee80ce
  languageName: node
  linkType: hard

"util-deprecate@npm:^1.0.1, util-deprecate@npm:^1.0.2, util-deprecate@npm:~1.0.1":
  version: 1.0.2
  resolution: "util-deprecate@npm:1.0.2"
  checksum: 73c2b1cf0210ccac300645384d8443cabbd93194117b2dc1b3bae8d8279ad39aedac857e020c4ea505e96a1045059c7359db3df6a9df0be6b8584166c9d61dc9
  languageName: node
  linkType: hard

"v8flags@npm:~3.2.0":
  version: 3.2.0
  resolution: "v8flags@npm:3.2.0"
  dependencies:
    homedir-polyfill: ^1.0.1
  checksum: d68937c42667f91cef97886fab0268d06d37c0de1659f9b3ad57a75aaaed1c21342659bfc80f4558fec21126ef25e486e7717017738b02be4840f465efd6379a
  languageName: node
  linkType: hard

"which@npm:^1.2.14":
  version: 1.3.1
  resolution: "which@npm:1.3.1"
  dependencies:
    isexe: ^2.0.0
  bin:
    which: ./bin/which
  checksum: 298d95f9c185c4da22c1bfb1fdfa37c2ba56df8a6b98706ab361bf31a7d3a4845afaecfc48d4de7a259048842b5f2977f51b56f5c06c1f6a83dcf5a9e3de634a
  languageName: node
  linkType: hard

"which@npm:~2.0.2":
  version: 2.0.2
  resolution: "which@npm:2.0.2"
  dependencies:
    isexe: ^2.0.0
  bin:
    node-which: ./bin/node-which
  checksum: ea9b1db1266b08f7880717cf70dd9012dd523e5a317f10fbe4d5e8c1a761c5fd237f88642f2ba33b23f973ff4002c9b26648d63084ab208d8ecef36497315f6e
  languageName: node
  linkType: hard

"wrappy@npm:1":
  version: 1.0.2
  resolution: "wrappy@npm:1.0.2"
  checksum: 519fcda0fcdf0c16327be2de9d98646742307bc830277e8868529fcf7566f2b330a6453c233e0cdcb767d5838dd61a90984a02ecc983bcddebea5ad0833bbf98
  languageName: node
  linkType: hard

"zip-stream@npm:^4.1.0":
  version: 4.1.0
  resolution: "zip-stream@npm:4.1.0"
  dependencies:
    archiver-utils: ^2.1.0
    compress-commons: ^4.1.0
    readable-stream: ^3.6.0
  checksum: a2338731e721d05f37989d2284d7850a3923072c5836cfc71bdedb168afa0ecd020b45b4ca09b48ae8bc489a20e5ca46cd9e0928235a8a6fda181d5ed2876919
  languageName: node
  linkType: hard
